
Microsoft Visual Studio Solution File, Format Version 12.00
Project("{F2A71F9B-5D33-465A-A702-920D77279786}") = "FSharp.Control.Futures.Sandbox", "tests\FSharp.Control.Futures.Sandbox\FSharp.Control.Futures.Sandbox.fsproj", "{B0400CAB-0469-44D5-B0A5-93265136ABDB}"
EndProject
Project("{F2A71F9B-5D33-465A-A702-920D77279786}") = "FSharp.Control.Futures", "src\FSharp.Control.Futures\FSharp.Control.Futures.fsproj", "{92149330-5B9E-4E4A-B477-D006D8C9DFA4}"
EndProject
Project("{2150E333-8FDC-42A3-9474-1A3956D46DE8}") = "Tests", "Tests", "{44835DE2-D38A-4533-BE69-3A06B779FF5A}"
EndProject
Project("{2150E333-8FDC-42A3-9474-1A3956D46DE8}") = "Benchs", "Benchs", "{5C394F17-6CE6-4A62-AB3B-AD614A346ECC}"
EndProject
Project("{F2A71F9B-5D33-465A-A702-920D77279786}") = "FSharp.Control.Futures.Benchmarks", "tests\benchs\FSharp.Control.Futures.Benchmarks\FSharp.Control.Futures.Benchmarks.fsproj", "{8942F91F-8948-4679-9F81-DBD11008EEE9}"
EndProject
Project("{F2A71F9B-5D33-465A-A702-920D77279786}") = "FSharp.Control.Futures.Tests", "tests\FSharp.Control.Futures.Tests\FSharp.Control.Futures.Tests.fsproj", "{10A6C033-D1B7-48F8-882D-FB2094BC7BD7}"
EndProject
Project("{F2A71F9B-5D33-465A-A702-920D77279786}") = "FSharp.Control.Futures.SeqStream", "..\src\FSharp.Control.Futures.SeqStream\FSharp.Control.Futures.SeqStream\FSharp.Control.Futures.SeqStream.fsproj", "{44E8B4E8-0EFE-49BD-8FF6-E34D9021C1E8}"
EndProject
Global
	GlobalSection(SolutionConfigurationPlatforms) = preSolution
		Debug|Any CPU = Debug|Any CPU
		Release|Any CPU = Release|Any CPU
	EndGlobalSection
	GlobalSection(ProjectConfigurationPlatforms) = postSolution
		{B0400CAB-0469-44D5-B0A5-93265136ABDB}.Debug|Any CPU.ActiveCfg = Debug|Any CPU
		{B0400CAB-0469-44D5-B0A5-93265136ABDB}.Debug|Any CPU.Build.0 = Debug|Any CPU
		{B0400CAB-0469-44D5-B0A5-93265136ABDB}.Release|Any CPU.ActiveCfg = Release|Any CPU
		{B0400CAB-0469-44D5-B0A5-93265136ABDB}.Release|Any CPU.Build.0 = Release|Any CPU
		{92149330-5B9E-4E4A-B477-D006D8C9DFA4}.Debug|Any CPU.ActiveCfg = Debug|Any CPU
		{92149330-5B9E-4E4A-B477-D006D8C9DFA4}.Debug|Any CPU.Build.0 = Debug|Any CPU
		{92149330-5B9E-4E4A-B477-D006D8C9DFA4}.Release|Any CPU.ActiveCfg = Release|Any CPU
		{92149330-5B9E-4E4A-B477-D006D8C9DFA4}.Release|Any CPU.Build.0 = Release|Any CPU
		{8942F91F-8948-4679-9F81-DBD11008EEE9}.Debug|Any CPU.ActiveCfg = Debug|Any CPU
		{8942F91F-8948-4679-9F81-DBD11008EEE9}.Debug|Any CPU.Build.0 = Debug|Any CPU
		{8942F91F-8948-4679-9F81-DBD11008EEE9}.Release|Any CPU.ActiveCfg = Release|Any CPU
		{8942F91F-8948-4679-9F81-DBD11008EEE9}.Release|Any CPU.Build.0 = Release|Any CPU
		{10A6C033-D1B7-48F8-882D-FB2094BC7BD7}.Debug|Any CPU.ActiveCfg = Debug|Any CPU
		{10A6C033-D1B7-48F8-882D-FB2094BC7BD7}.Debug|Any CPU.Build.0 = Debug|Any CPU
		{10A6C033-D1B7-48F8-882D-FB2094BC7BD7}.Release|Any CPU.ActiveCfg = Release|Any CPU
		{10A6C033-D1B7-48F8-882D-FB2094BC7BD7}.Release|Any CPU.Build.0 = Release|Any CPU
		{44E8B4E8-0EFE-49BD-8FF6-E34D9021C1E8}.Debug|Any CPU.ActiveCfg = Debug|Any CPU
		{44E8B4E8-0EFE-49BD-8FF6-E34D9021C1E8}.Debug|Any CPU.Build.0 = Debug|Any CPU
		{44E8B4E8-0EFE-49BD-8FF6-E34D9021C1E8}.Release|Any CPU.ActiveCfg = Release|Any CPU
		{44E8B4E8-0EFE-49BD-8FF6-E34D9021C1E8}.Release|Any CPU.Build.0 = Release|Any CPU
	EndGlobalSection
	GlobalSection(NestedProjects) = preSolution
		{B0400CAB-0469-44D5-B0A5-93265136ABDB} = {44835DE2-D38A-4533-BE69-3A06B779FF5A}
		{5C394F17-6CE6-4A62-AB3B-AD614A346ECC} = {44835DE2-D38A-4533-BE69-3A06B779FF5A}
		{8942F91F-8948-4679-9F81-DBD11008EEE9} = {5C394F17-6CE6-4A62-AB3B-AD614A346ECC}
		{10A6C033-D1B7-48F8-882D-FB2094BC7BD7} = {44835DE2-D38A-4533-BE69-3A06B779FF5A}
	EndGlobalSection
EndGlobal
